PODS:
  - SwiftProtobuf (1.11.0)
  - TrustWalletCore (2.2.6):
    - TrustWalletCore/Core (= 2.2.6)
  - TrustWalletCore/Core (2.2.6):
    - TrustWalletCore/Types
  - TrustWalletCore/Types (2.2.6):
    - SwiftProtobuf

DEPENDENCIES:
  - TrustWalletCore

SPEC REPOS:
  trunk:
    - SwiftProtobuf
    - TrustWalletCore

SPEC CHECKSUMS:
  SwiftProtobuf: f889fe5772f90ef7d7b8aac352d1fddf39650713
  TrustWalletCore: cbaf901a243668bb37cd3010f74cfb1a7c63484b

PODFILE CHECKSUM: 0ed8305ed0c79e907b244d2a52abd5f86e8c98ce

COCOAPODS: 1.9.3
